
Microsoft Visual Studio Solution File, Format Version 12.00
# Visual Studio Version 16
VisualStudioVersion = 16.0.33214.272
MinimumVisualStudioVersion = 10.0.40219.1
Project("{8BC9CEB8-8B4A-11D0-8D11-00A0C91BC942}") = "ChessGame", "ChessGame\ChessGame.vcxproj", "{14A5CE37-4129-4255-8C73-07993795FCB9}"
EndProject
Global
	GlobalSection(SolutionConfigurationPlatforms) = preSolution
		Debug|x64 = Debug|x64
		Release|x64 = Release|x64
	EndGlobalSection
	GlobalSection(ProjectConfigurationPlatforms) = postSolution
		{14A5CE37-4129-4255-8C73-07993795FCB9}.Debug|x64.ActiveCfg = Debug|x64
		{14A5CE37-4129-4255-8C73-07993795FCB9}.Debug|x64.Build.0 = Debug|x64
		{14A5CE37-4129-4255-8C73-07993795FCB9}.Release|x64.ActiveCfg = Release|x64
		{14A5CE37-4129-4255-8C73-07993795FCB9}.Release|x64.Build.0 = Release|x64
	EndGlobalSection
	GlobalSection(SolutionProperties) = preSolution
		HideSolutionNode = FALSE
	EndGlobalSection
	GlobalSection(ExtensibilityGlobals) = postSolution
		SolutionGuid = {28EBFF76-40B8-48CD-B91A-F08971EF2A32}
	EndGlobalSection
EndGlobal
